{
  "name": "01",
  "lockfileVersion": 3,
  "requires": true,
  "packages": {
    "": {
      "dependencies": {
        "promisify": "^0.0.3"
      }
    },
    "node_modules/promisify": {
      "version": "0.0.3",
      "resolved": "https://registry.npmjs.org/promisify/-/promisify-0.0.3.tgz",
      "integrity": "sha512-CcBGsRhhq466fsZVyHfptuKqon6eih0CqMsJE0kWIIjbpVNEyDoaKLELm2WVs//W/WXRBHip+6xhTExTkHUwtA==",
      "dependencies": {
        "when": ""
      }
    },
    "node_modules/when": {
      "version": "3.7.8",
      "resolved": "https://registry.npmjs.org/when/-/when-3.7.8.tgz",
      "integrity": "sha512-5cZ7mecD3eYcMiCH4wtRPA5iFJZ50BJYDfckI5RRpQiktMiYTcn0ccLTZOvcbBume+1304fQztxeNzNS9Gvrnw=="
    }
  }
}
